
Microsoft Visual Studio Solution File, Format Version 12.00
# Visual Studio Version 16
VisualStudioVersion = 16.0.30406.217
MinimumVisualStudioVersion = 10.0.40219.1
Project("{2150E333-8FDC-42A3-9474-1A3956D46DE8}") = "BootstrapSandbox", "BootstrapSandbox", "{1A71F99F-2F97-4F31-A223-C7E17A857116}"
EndProject
Project("{FAE04EC0-301F-11D3-BF4B-00C04F79EFBC}") = "BootstrapFeatures", "BootstrapSandbox\BootstrapFeatures\BootstrapFeatures.csproj", "{33CCC33F-9259-41EE-B89A-4BF66CDB9FDE}"
EndProject
Global
	GlobalSection(SolutionConfigurationPlatforms) = preSolution
		Debug|Any CPU = Debug|Any CPU
		Release|Any CPU = Release|Any CPU
	EndGlobalSection
	GlobalSection(ProjectConfigurationPlatforms) = postSolution
		{33CCC33F-9259-41EE-B89A-4BF66CDB9FDE}.Debug|Any CPU.ActiveCfg = Debug|Any CPU
		{33CCC33F-9259-41EE-B89A-4BF66CDB9FDE}.Debug|Any CPU.Build.0 = Debug|Any CPU
		{33CCC33F-9259-41EE-B89A-4BF66CDB9FDE}.Release|Any CPU.ActiveCfg = Release|Any CPU
		{33CCC33F-9259-41EE-B89A-4BF66CDB9FDE}.Release|Any CPU.Build.0 = Release|Any CPU
	EndGlobalSection
	GlobalSection(SolutionProperties) = preSolution
		HideSolutionNode = FALSE
	EndGlobalSection
	GlobalSection(NestedProjects) = preSolution
		{33CCC33F-9259-41EE-B89A-4BF66CDB9FDE} = {1A71F99F-2F97-4F31-A223-C7E17A857116}
	EndGlobalSection
	GlobalSection(ExtensibilityGlobals) = postSolution
		SolutionGuid = {48308146-CCE6-4F98-A6BE-60E89381E761}
	EndGlobalSection
EndGlobal
